// !$*UTF8*$!
{
	archiveVersion = 1;
	classes = {
	};
	objectVersion = 46;
	objects = {

/* Begin PBXBuildFile section */
		AD4E24C5150F4C9300D2CCBD /* UIKit.framework in Frameworks */ = {isa = PBXBuildFile; fileRef = AD4E24C4150F4C9300D2CCBD /* UIKit.framework */; };
		AD4E24C7150F4C9300D2CCBD /* Foundation.framework in Frameworks */ = {isa = PBXBuildFile; fileRef = AD4E24C6150F4C9300D2CCBD /* Foundation.framework */; };
		AD4E24C9150F4C9300D2CCBD /* CoreGraphics.framework in Frameworks */ = {isa = PBXBuildFile; fileRef = AD4E24C8150F4C9300D2CCBD /* CoreGraphics.framework */; };
		AD4E24D1150F4C9300D2CCBD /* main.m in Sources */ = {isa = PBXBuildFile; fileRef = AD4E24D0150F4C9300D2CCBD /* main.m */; };
		AD4E24D5150F4C9300D2CCBD /* AppDelegate.m in Sources */ = {isa = PBXBuildFile; fileRef = AD4E24D4150F4C9300D2CCBD /* AppDelegate.m */; };
		AD4E24EC150F514B00D2CCBD /* CMTabBarController.m in Sources */ = {isa = PBXBuildFile; fileRef = AD4E24EB150F514B00D2CCBD /* CMTabBarController.m */; };
		AD4E24F3150F526300D2CCBD /* CMTabBar.m in Sources */ = {isa = PBXBuildFile; fileRef = AD4E24F2150F526300D2CCBD /* CMTabBar.m */; };
		AD9916C81511CAF100EFC2B7 /* icon-iphone.png in Resources */ = {isa = PBXBuildFile; fileRef = AD9916C71511CAF100EFC2B7 /* icon-iphone.png */; };
		AD9916CB1511CAF600EFC2B7 /* icon-iphone@2x.png in Resources */ = {isa = PBXBuildFile; fileRef = AD9916CA1511CAF600EFC2B7 /* icon-iphone@2x.png */; };
		AD9916CD1511CAFC00EFC2B7 /* icon-ipad.png in Resources */ = {isa = PBXBuildFile; fileRef = AD9916CC1511CAFC00EFC2B7 /* icon-ipad.png */; };
		AD9916FD1511D28800EFC2B7 /* 22-skull-n-bones.png in Resources */ = {isa = PBXBuildFile; fileRef = AD9916F31511D27D00EFC2B7 /* 22-skull-n-bones.png */; };
		AD9916FE1511D28800EFC2B7 /* 22-skull-n-bones@2x.png in Resources */ = {isa = PBXBuildFile; fileRef = AD9916F41511D27D00EFC2B7 /* 22-skull-n-bones@2x.png */; };
		AD9916FF1511D28800EFC2B7 /* 23-bird.png in Resources */ = {isa = PBXBuildFile; fileRef = AD9916F51511D27D00EFC2B7 /* 23-bird.png */; };
		AD9917001511D28800EFC2B7 /* 23-bird@2x.png in Resources */ = {isa = PBXBuildFile; fileRef = AD9916F61511D27E00EFC2B7 /* 23-bird@2x.png */; };
		AD9917011511D28800EFC2B7 /* 133-ufo.png in Resources */ = {isa = PBXBuildFile; fileRef = AD9916F71511D27E00EFC2B7 /* 133-ufo.png */; };
		AD9917021511D28800EFC2B7 /* 133-ufo@2x.png in Resources */ = {isa = PBXBuildFile; fileRef = AD9916F81511D27F00EFC2B7 /* 133-ufo@2x.png */; };
		AD9917031511D28800EFC2B7 /* 164-glasses-2.png in Resources */ = {isa = PBXBuildFile; fileRef = AD9916F91511D28100EFC2B7 /* 164-glasses-2.png */; };
		AD9917041511D28800EFC2B7 /* 164-glasses-2@2x.png in Resources */ = {isa = PBXBuildFile; fileRef = AD9916FA1511D28200EFC2B7 /* 164-glasses-2@2x.png */; };
		AD9917051511D28800EFC2B7 /* 196-radiation.png in Resources */ = {isa = PBXBuildFile; fileRef = AD9916FB1511D28400EFC2B7 /* 196-radiation.png */; };
		AD9917061511D28800EFC2B7 /* 196-radiation@2x.png in Resources */ = {isa = PBXBuildFile; fileRef = AD9916FC1511D28600EFC2B7 /* 196-radiation@2x.png */; };
		AD99170E1511D3CD00EFC2B7 /* glow.png in Resources */ = {isa = PBXBuildFile; fileRef = AD9917081511D3CD00EFC2B7 /* glow.png */; };
		AD99170F1511D3CD00EFC2B7 /* glow@2x.png in Resources */ = {isa = PBXBuildFile; fileRef = AD9917091511D3CD00EFC2B7 /* glow@2x.png */; };
		AD9917101511D3CD00EFC2B7 /* selectedBackground.png in Resources */ = {isa = PBXBuildFile; fileRef = AD99170A1511D3CD00EFC2B7 /* selectedBackground.png */; };
		AD9917111511D3CD00EFC2B7 /* selectedBackground@2x.png in Resources */ = {isa = PBXBuildFile; fileRef = AD99170B1511D3CD00EFC2B7 /* selectedBackground@2x.png */; };
		AD9917161511D41600EFC2B7 /* tabBarGradient.png in Resources */ = {isa = PBXBuildFile; fileRef = AD9917141511D41500EFC2B7 /* tabBarGradient.png */; };
		AD9917171511D41600EFC2B7 /* tabBarGradient@2x.png in Resources */ = {isa = PBXBuildFile; fileRef = AD9917151511D41500EFC2B7 /* tabBarGradient@2x.png */; };
		AD9D9B7315121186006677E4 /* UIControl+Blocks.m in Sources */ = {isa = PBXBuildFile; fileRef = AD9D9B7015121186006677E4 /* UIControl+Blocks.m */; };
		AD9D9B7B15122043006677E4 /* CMTabBarUtils.m in Sources */ = {isa = PBXBuildFile; fileRef = AD9D9B7A15122043006677E4 /* CMTabBarUtils.m */; };
		AD9D9B88151222C8006677E4 /* FifthViewController.m in Sources */ = {isa = PBXBuildFile; fileRef = AD9D9B7F151222C8006677E4 /* FifthViewController.m */; };
		AD9D9B89151222C8006677E4 /* FirstViewController.m in Sources */ = {isa = PBXBuildFile; fileRef = AD9D9B81151222C8006677E4 /* FirstViewController.m */; };
		AD9D9B8A151222C8006677E4 /* FourthViewController.m in Sources */ = {isa = PBXBuildFile; fileRef = AD9D9B83151222C8006677E4 /* FourthViewController.m */; };
		AD9D9B8B151222C8006677E4 /* SecondViewController.m in Sources */ = {isa = PBXBuildFile; fileRef = AD9D9B85151222C8006677E4 /* SecondViewController.m */; };
		AD9D9B8C151222C8006677E4 /* ThirdViewController.m in Sources */ = {isa = PBXBuildFile; fileRef = AD9D9B87151222C8006677E4 /* ThirdViewController.m */; };
/* End PBXBuildFile section */

/* Begin PBXFileReference section */
		AD4E24C0150F4C9300D2CCBD /* Demo CMTabBarController.app */ = {isa = PBXFileReference; explicitFileType = wrapper.application; includeInIndex = 0; path = "Demo CMTabBarController.app"; sourceTree = BUILT_PRODUCTS_DIR; };
		AD4E24C4150F4C9300D2CCBD /* UIKit.framework */ = {isa = PBXFileReference; lastKnownFileType = wrapper.framework; name = UIKit.framework; path = System/Library/Frameworks/UIKit.framework; sourceTree = SDKROOT; };
		AD4E24C6150F4C9300D2CCBD /* Foundation.framework */ = {isa = PBXFileReference; lastKnownFileType = wrapper.framework; name = Foundation.framework; path = System/Library/Frameworks/Foundation.framework; sourceTree = SDKROOT; };
		AD4E24C8150F4C9300D2CCBD /* CoreGraphics.framework */ = {isa = PBXFileReference; lastKnownFileType = wrapper.framework; name = CoreGraphics.framework; path = System/Library/Frameworks/CoreGraphics.framework; sourceTree = SDKROOT; };
		AD4E24CC150F4C9300D2CCBD /* Demo CMTabBarController-Info.plist */ = {isa = PBXFileReference; lastKnownFileType = text.plist.xml; path = "Demo CMTabBarController-Info.plist"; sourceTree = "<group>"; };
		AD4E24D0150F4C9300D2CCBD /* main.m */ = {isa = PBXFileReference; lastKnownFileType = sourcecode.c.objc; path = main.m; sourceTree = "<group>"; };
		AD4E24D2150F4C9300D2CCBD /* Demo CMTabBarController-Prefix.pch */ = {isa = PBXFileReference; lastKnownFileType = sourcecode.c.h; path = "Demo CMTabBarController-Prefix.pch"; sourceTree = "<group>"; };
		AD4E24D3150F4C9300D2CCBD /* AppDelegate.h */ = {isa = PBXFileReference; lastKnownFileType = sourcecode.c.h; path = AppDelegate.h; sourceTree = "<group>"; };
		AD4E24D4150F4C9300D2CCBD /* AppDelegate.m */ = {isa = PBXFileReference; lastKnownFileType = sourcecode.c.objc; path = AppDelegate.m; sourceTree = "<group>"; };
		AD4E24EA150F514B00D2CCBD /* CMTabBarController.h */ = {isa = PBXFileReference; fileEncoding = 4; lastKnownFileType = sourcecode.c.h; path = CMTabBarController.h; sourceTree = "<group>"; };
		AD4E24EB150F514B00D2CCBD /* CMTabBarController.m */ = {isa = PBXFileReference; fileEncoding = 4; lastKnownFileType = sourcecode.c.objc; path = CMTabBarController.m; sourceTree = "<group>"; };
		AD4E24F1150F526300D2CCBD /* CMTabBar.h */ = {isa = PBXFileReference; fileEncoding = 4; lastKnownFileType = sourcecode.c.h; path = CMTabBar.h; sourceTree = "<group>"; };
		AD4E24F2150F526300D2CCBD /* CMTabBar.m */ = {isa = PBXFileReference; fileEncoding = 4; lastKnownFileType = sourcecode.c.objc; path = CMTabBar.m; sourceTree = "<group>"; };
		AD9916C71511CAF100EFC2B7 /* icon-iphone.png */ = {isa = PBXFileReference; lastKnownFileType = image.png; name = "icon-iphone.png"; path = "../icon-iphone.png"; sourceTree = "<group>"; };
		AD9916CA1511CAF600EFC2B7 /* icon-iphone@2x.png */ = {isa = PBXFileReference; lastKnownFileType = image.png; name = "icon-iphone@2x.png"; path = "../icon-iphone@2x.png"; sourceTree = "<group>"; };
		AD9916CC1511CAFC00EFC2B7 /* icon-ipad.png */ = {isa = PBXFileReference; lastKnownFileType = image.png; name = "icon-ipad.png"; path = "../icon-ipad.png"; sourceTree = "<group>"; };
		AD9916F31511D27D00EFC2B7 /* 22-skull-n-bones.png */ = {isa = PBXFileReference; lastKnownFileType = image.png; path = "22-skull-n-bones.png"; sourceTree = "<group>"; };
		AD9916F41511D27D00EFC2B7 /* 22-skull-n-bones@2x.png */ = {isa = PBXFileReference; lastKnownFileType = image.png; path = "22-skull-n-bones@2x.png"; sourceTree = "<group>"; };
		AD9916F51511D27D00EFC2B7 /* 23-bird.png */ = {isa = PBXFileReference; lastKnownFileType = image.png; path = "23-bird.png"; sourceTree = "<group>"; };
		AD9916F61511D27E00EFC2B7 /* 23-bird@2x.png */ = {isa = PBXFileReference; lastKnownFileType = image.png; path = "23-bird@2x.png"; sourceTree = "<group>"; };
		AD9916F71511D27E00EFC2B7 /* 133-ufo.png */ = {isa = PBXFileReference; lastKnownFileType = image.png; path = "133-ufo.png"; sourceTree = "<group>"; };
		AD9916F81511D27F00EFC2B7 /* 133-ufo@2x.png */ = {isa = PBXFileReference; lastKnownFileType = image.png; path = "133-ufo@2x.png"; sourceTree = "<group>"; };
		AD9916F91511D28100EFC2B7 /* 164-glasses-2.png */ = {isa = PBXFileReference; lastKnownFileType = image.png; path = "164-glasses-2.png"; sourceTree = "<group>"; };
		AD9916FA1511D28200EFC2B7 /* 164-glasses-2@2x.png */ = {isa = PBXFileReference; lastKnownFileType = image.png; path = "164-glasses-2@2x.png"; sourceTree = "<group>"; };
		AD9916FB1511D28400EFC2B7 /* 196-radiation.png */ = {isa = PBXFileReference; lastKnownFileType = image.png; path = "196-radiation.png"; sourceTree = "<group>"; };
		AD9916FC1511D28600EFC2B7 /* 196-radiation@2x.png */ = {isa = PBXFileReference; lastKnownFileType = image.png; path = "196-radiation@2x.png"; sourceTree = "<group>"; };
		AD9917081511D3CD00EFC2B7 /* glow.png */ = {isa = PBXFileReference; lastKnownFileType = image.png; path = glow.png; sourceTree = "<group>"; };
		AD9917091511D3CD00EFC2B7 /* glow@2x.png */ = {isa = PBXFileReference; lastKnownFileType = image.png; path = "glow@2x.png"; sourceTree = "<group>"; };
		AD99170A1511D3CD00EFC2B7 /* selectedBackground.png */ = {isa = PBXFileReference; lastKnownFileType = image.png; path = selectedBackground.png; sourceTree = "<group>"; };
		AD99170B1511D3CD00EFC2B7 /* selectedBackground@2x.png */ = {isa = PBXFileReference; lastKnownFileType = image.png; path = "selectedBackground@2x.png"; sourceTree = "<group>"; };
		AD9917141511D41500EFC2B7 /* tabBarGradient.png */ = {isa = PBXFileReference; lastKnownFileType = image.png; path = tabBarGradient.png; sourceTree = "<group>"; };
		AD9917151511D41500EFC2B7 /* tabBarGradient@2x.png */ = {isa = PBXFileReference; lastKnownFileType = image.png; path = "tabBarGradient@2x.png"; sourceTree = "<group>"; };
		AD9D9B6F15121186006677E4 /* UIControl+Blocks.h */ = {isa = PBXFileReference; fileEncoding = 4; lastKnownFileType = sourcecode.c.h; path = "UIControl+Blocks.h"; sourceTree = "<group>"; };
		AD9D9B7015121186006677E4 /* UIControl+Blocks.m */ = {isa = PBXFileReference; fileEncoding = 4; lastKnownFileType = sourcecode.c.objc; path = "UIControl+Blocks.m"; sourceTree = "<group>"; };
		AD9D9B7915122043006677E4 /* CMTabBarUtils.h */ = {isa = PBXFileReference; fileEncoding = 4; lastKnownFileType = sourcecode.c.h; path = CMTabBarUtils.h; sourceTree = "<group>"; };
		AD9D9B7A15122043006677E4 /* CMTabBarUtils.m */ = {isa = PBXFileReference; fileEncoding = 4; lastKnownFileType = sourcecode.c.objc; path = CMTabBarUtils.m; sourceTree = "<group>"; };
		AD9D9B7E151222C8006677E4 /* FifthViewController.h */ = {isa = PBXFileReference; fileEncoding = 4; lastKnownFileType = sourcecode.c.h; path = FifthViewController.h; sourceTree = "<group>"; };
		AD9D9B7F151222C8006677E4 /* FifthViewController.m */ = {isa = PBXFileReference; fileEncoding = 4; lastKnownFileType = sourcecode.c.objc; path = FifthViewController.m; sourceTree = "<group>"; };
		AD9D9B80151222C8006677E4 /* FirstViewController.h */ = {isa = PBXFileReference; fileEncoding = 4; lastKnownFileType = sourcecode.c.h; path = FirstViewController.h; sourceTree = "<group>"; };
		AD9D9B81151222C8006677E4 /* FirstViewController.m */ = {isa = PBXFileReference; fileEncoding = 4; lastKnownFileType = sourcecode.c.objc; path = FirstViewController.m; sourceTree = "<group>"; };
		AD9D9B82151222C8006677E4 /* FourthViewController.h */ = {isa = PBXFileReference; fileEncoding = 4; lastKnownFileType = sourcecode.c.h; path = FourthViewController.h; sourceTree = "<group>"; };
		AD9D9B83151222C8006677E4 /* FourthViewController.m */ = {isa = PBXFileReference; fileEncoding = 4; lastKnownFileType = sourcecode.c.objc; path = FourthViewController.m; sourceTree = "<group>"; };
		AD9D9B84151222C8006677E4 /* SecondViewController.h */ = {isa = PBXFileReference; fileEncoding = 4; lastKnownFileType = sourcecode.c.h; path = SecondViewController.h; sourceTree = "<group>"; };
		AD9D9B85151222C8006677E4 /* SecondViewController.m */ = {isa = PBXFileReference; fileEncoding = 4; lastKnownFileType = sourcecode.c.objc; path = SecondViewController.m; sourceTree = "<group>"; };
		AD9D9B86151222C8006677E4 /* ThirdViewController.h */ = {isa = PBXFileReference; fileEncoding = 4; lastKnownFileType = sourcecode.c.h; path = ThirdViewController.h; sourceTree = "<group>"; };
		AD9D9B87151222C8006677E4 /* ThirdViewController.m */ = {isa = PBXFileReference; fileEncoding = 4; lastKnownFileType = sourcecode.c.objc; path = ThirdViewController.m; sourceTree = "<group>"; };
/* End PBXFileReference section */

/* Begin PBXFrameworksBuildPhase section */
		AD4E24BD150F4C9300D2CCBD /* Frameworks */ = {
			isa = PBXFrameworksBuildPhase;
			buildActionMask = 2147483647;
			files = (
				AD4E24C5150F4C9300D2CCBD /* UIKit.framework in Frameworks */,
				AD4E24C7150F4C9300D2CCBD /* Foundation.framework in Frameworks */,
				AD4E24C9150F4C9300D2CCBD /* CoreGraphics.framework in Frameworks */,
			);
			runOnlyForDeploymentPostprocessing = 0;
		};
/* End PBXFrameworksBuildPhase section */

/* Begin PBXGroup section */
		AD4E24B5150F4C9300D2CCBD = {
			isa = PBXGroup;
			children = (
				AD4E24CA150F4C9300D2CCBD /* Demo */,
				AD4E24C3150F4C9300D2CCBD /* Frameworks */,
				AD4E24C1150F4C9300D2CCBD /* Products */,
			);
			sourceTree = "<group>";
		};
		AD4E24C1150F4C9300D2CCBD /* Products */ = {
			isa = PBXGroup;
			children = (
				AD4E24C0150F4C9300D2CCBD /* Demo CMTabBarController.app */,
			);
			name = Products;
			sourceTree = "<group>";
		};
		AD4E24C3150F4C9300D2CCBD /* Frameworks */ = {
			isa = PBXGroup;
			children = (
				AD4E24C4150F4C9300D2CCBD /* UIKit.framework */,
				AD4E24C6150F4C9300D2CCBD /* Foundation.framework */,
				AD4E24C8150F4C9300D2CCBD /* CoreGraphics.framework */,
			);
			name = Frameworks;
			sourceTree = "<group>";
		};
		AD4E24CA150F4C9300D2CCBD /* Demo */ = {
			isa = PBXGroup;
			children = (
				AD4E24E8150F513300D2CCBD /* Source */,
				AD4E24D3150F4C9300D2CCBD /* AppDelegate.h */,
				AD4E24D4150F4C9300D2CCBD /* AppDelegate.m */,
				AD9D9B7D151222C8006677E4 /* ViewControllers */,
				AD9916DE1511D24100EFC2B7 /* Resources */,
				AD4E24CB150F4C9300D2CCBD /* Supporting Files */,
			);
			path = Demo;
			sourceTree = "<group>";
		};
		AD4E24CB150F4C9300D2CCBD /* Supporting Files */ = {
			isa = PBXGroup;
			children = (
				AD9916CC1511CAFC00EFC2B7 /* icon-ipad.png */,
				AD9916CA1511CAF600EFC2B7 /* icon-iphone@2x.png */,
				AD9916C71511CAF100EFC2B7 /* icon-iphone.png */,
				AD4E24CC150F4C9300D2CCBD /* Demo CMTabBarController-Info.plist */,
				AD4E24D0150F4C9300D2CCBD /* main.m */,
				AD4E24D2150F4C9300D2CCBD /* Demo CMTabBarController-Prefix.pch */,
			);
			name = "Supporting Files";
			sourceTree = "<group>";
		};
		AD4E24E8150F513300D2CCBD /* Source */ = {
			isa = PBXGroup;
			children = (
				AD9917071511D3CD00EFC2B7 /* Images */,
				AD9D9B6B15121186006677E4 /* Libraries */,
				AD4E24EA150F514B00D2CCBD /* CMTabBarController.h */,
				AD4E24EB150F514B00D2CCBD /* CMTabBarController.m */,
				AD4E24F1150F526300D2CCBD /* CMTabBar.h */,
				AD4E24F2150F526300D2CCBD /* CMTabBar.m */,
				AD9D9B7915122043006677E4 /* CMTabBarUtils.h */,
				AD9D9B7A15122043006677E4 /* CMTabBarUtils.m */,
			);
			name = Source;
			path = ../../Source;
			sourceTree = "<group>";
		};
		AD9916DE1511D24100EFC2B7 /* Resources */ = {
			isa = PBXGroup;
			children = (
				AD9916F31511D27D00EFC2B7 /* 22-skull-n-bones.png */,
				AD9916F41511D27D00EFC2B7 /* 22-skull-n-bones@2x.png */,
				AD9916F51511D27D00EFC2B7 /* 23-bird.png */,
				AD9916F61511D27E00EFC2B7 /* 23-bird@2x.png */,
				AD9916F71511D27E00EFC2B7 /* 133-ufo.png */,
				AD9916F81511D27F00EFC2B7 /* 133-ufo@2x.png */,
				AD9916F91511D28100EFC2B7 /* 164-glasses-2.png */,
				AD9916FA1511D28200EFC2B7 /* 164-glasses-2@2x.png */,
				AD9916FB1511D28400EFC2B7 /* 196-radiation.png */,
				AD9916FC1511D28600EFC2B7 /* 196-radiation@2x.png */,
			);
			path = Resources;
			sourceTree = "<group>";
		};
		AD9917071511D3CD00EFC2B7 /* Images */ = {
			isa = PBXGroup;
			children = (
				AD9917081511D3CD00EFC2B7 /* glow.png */,
				AD9917091511D3CD00EFC2B7 /* glow@2x.png */,
				AD99170A1511D3CD00EFC2B7 /* selectedBackground.png */,
				AD99170B1511D3CD00EFC2B7 /* selectedBackground@2x.png */,
				AD9917141511D41500EFC2B7 /* tabBarGradient.png */,
				AD9917151511D41500EFC2B7 /* tabBarGradient@2x.png */,
			);
			path = Images;
			sourceTree = "<group>";
		};
		AD9D9B6B15121186006677E4 /* Libraries */ = {
			isa = PBXGroup;
			children = (
				AD9D9B6C15121186006677E4 /* UIControl-Blocks */,
			);
			path = Libraries;
			sourceTree = "<group>";
		};
		AD9D9B6C15121186006677E4 /* UIControl-Blocks */ = {
			isa = PBXGroup;
			children = (
				AD9D9B6F15121186006677E4 /* UIControl+Blocks.h */,
				AD9D9B7015121186006677E4 /* UIControl+Blocks.m */,
			);
			path = "UIControl-Blocks";
			sourceTree = "<group>";
		};
		AD9D9B7D151222C8006677E4 /* ViewControllers */ = {
			isa = PBXGroup;
			children = (
				AD9D9B7E151222C8006677E4 /* FifthViewController.h */,
				AD9D9B7F151222C8006677E4 /* FifthViewController.m */,
				AD9D9B80151222C8006677E4 /* FirstViewController.h */,
				AD9D9B81151222C8006677E4 /* FirstViewController.m */,
				AD9D9B82151222C8006677E4 /* FourthViewController.h */,
				AD9D9B83151222C8006677E4 /* FourthViewController.m */,
				AD9D9B84151222C8006677E4 /* SecondViewController.h */,
				AD9D9B85151222C8006677E4 /* SecondViewController.m */,
				AD9D9B86151222C8006677E4 /* ThirdViewController.h */,
				AD9D9B87151222C8006677E4 /* ThirdViewController.m */,
			);
			path = ViewControllers;
			sourceTree = "<group>";
		};
/* End PBXGroup section */

/* Begin PBXNativeTarget section */
		AD4E24BF150F4C9300D2CCBD /* Demo CMTabBarController */ = {
			isa = PBXNativeTarget;
			buildConfigurationList = AD4E24D8150F4C9300D2CCBD /* Build configuration list for PBXNativeTarget "Demo CMTabBarController" */;
			buildPhases = (
				AD4E24BC150F4C9300D2CCBD /* Sources */,
				AD4E24BD150F4C9300D2CCBD /* Frameworks */,
				AD4E24BE150F4C9300D2CCBD /* Resources */,
			);
			buildRules = (
			);
			dependencies = (
			);
			name = "Demo CMTabBarController";
			productName = Demo;
			productReference = AD4E24C0150F4C9300D2CCBD /* Demo CMTabBarController.app */;
			productType = "com.apple.product-type.application";
		};
/* End PBXNativeTarget section */

/* Begin PBXProject section */
		AD4E24B7150F4C9300D2CCBD /* Project object */ = {
			isa = PBXProject;
			attributes = {
				LastUpgradeCheck = 0430;
				ORGANIZATIONNAME = "Team Force LLC";
			};
			buildConfigurationList = AD4E24BA150F4C9300D2CCBD /* Build configuration list for PBXProject "Demo CMTabBarController" */;
			compatibilityVersion = "Xcode 3.2";
			developmentRegion = English;
			hasScannedForEncodings = 0;
			knownRegions = (
				en,
			);
			mainGroup = AD4E24B5150F4C9300D2CCBD;
			productRefGroup = AD4E24C1150F4C9300D2CCBD /* Products */;
			projectDirPath = "";
			projectRoot = "";
			targets = (
				AD4E24BF150F4C9300D2CCBD /* Demo CMTabBarController */,
			);
		};
/* End PBXProject section */

/* Begin PBXResourcesBuildPhase section */
		AD4E24BE150F4C9300D2CCBD /* Resources */ = {
			isa = PBXResourcesBuildPhase;
			buildActionMask = 2147483647;
			files = (
				AD9916C81511CAF100EFC2B7 /* icon-iphone.png in Resources */,
				AD9916CB1511CAF600EFC2B7 /* icon-iphone@2x.png in Resources */,
				AD9916CD1511CAFC00EFC2B7 /* icon-ipad.png in Resources */,
				AD9916FD1511D28800EFC2B7 /* 22-skull-n-bones.png in Resources */,
				AD9916FE1511D28800EFC2B7 /* 22-skull-n-bones@2x.png in Resources */,
				AD9916FF1511D28800EFC2B7 /* 23-bird.png in Resources */,
				AD9917001511D28800EFC2B7 /* 23-bird@2x.png in Resources */,
				AD9917011511D28800EFC2B7 /* 133-ufo.png in Resources */,
				AD9917021511D28800EFC2B7 /* 133-ufo@2x.png in Resources */,
				AD9917031511D28800EFC2B7 /* 164-glasses-2.png in Resources */,
				AD9917041511D28800EFC2B7 /* 164-glasses-2@2x.png in Resources */,
				AD9917051511D28800EFC2B7 /* 196-radiation.png in Resources */,
				AD9917061511D28800EFC2B7 /* 196-radiation@2x.png in Resources */,
				AD99170E1511D3CD00EFC2B7 /* glow.png in Resources */,
				AD99170F1511D3CD00EFC2B7 /* glow@2x.png in Resources */,
				AD9917101511D3CD00EFC2B7 /* selectedBackground.png in Resources */,
				AD9917111511D3CD00EFC2B7 /* selectedBackground@2x.png in Resources */,
				AD9917161511D41600EFC2B7 /* tabBarGradient.png in Resources */,
				AD9917171511D41600EFC2B7 /* tabBarGradient@2x.png in Resources */,
			);
			runOnlyForDeploymentPostprocessing = 0;
		};
/* End PBXResourcesBuildPhase section */

/* Begin PBXSourcesBuildPhase section */
		AD4E24BC150F4C9300D2CCBD /* Sources */ = {
			isa = PBXSourcesBuildPhase;
			buildActionMask = 2147483647;
			files = (
				AD4E24D1150F4C9300D2CCBD /* main.m in Sources */,
				AD4E24D5150F4C9300D2CCBD /* AppDelegate.m in Sources */,
				AD4E24EC150F514B00D2CCBD /* CMTabBarController.m in Sources */,
				AD4E24F3150F526300D2CCBD /* CMTabBar.m in Sources */,
				AD9D9B7315121186006677E4 /* UIControl+Blocks.m in Sources */,
				AD9D9B7B15122043006677E4 /* CMTabBarUtils.m in Sources */,
				AD9D9B88151222C8006677E4 /* FifthViewController.m in Sources */,
				AD9D9B89151222C8006677E4 /* FirstViewController.m in Sources */,
				AD9D9B8A151222C8006677E4 /* FourthViewController.m in Sources */,
				AD9D9B8B151222C8006677E4 /* SecondViewController.m in Sources */,
				AD9D9B8C151222C8006677E4 /* ThirdViewController.m in Sources */,
			);
			runOnlyForDeploymentPostprocessing = 0;
		};
/* End PBXSourcesBuildPhase section */

/* Begin XCBuildConfiguration section */
		AD4E24D6150F4C9300D2CCBD /* Debug */ = {
			isa = XCBuildConfiguration;
			buildSettings = {
				ALWAYS_SEARCH_USER_PATHS = NO;
				ARCHS = "$(ARCHS_STANDARD_32_BIT)";
				"CODE_SIGN_IDENTITY[sdk=iphoneos*]" = "iPhone Developer";
				COPY_PHASE_STRIP = NO;
				GCC_C_LANGUAGE_STANDARD = gnu99;
				GCC_DYNAMIC_NO_PIC = NO;
				GCC_OPTIMIZATION_LEVEL = 0;
				GCC_PREPROCESSOR_DEFINITIONS = (
					"DEBUG=1",
					"$(inherited)",
				);
				GCC_SYMBOLS_PRIVATE_EXTERN = NO;
				GCC_VERSION = com.apple.compilers.llvm.clang.1_0;
				GCC_WARN_ABOUT_RETURN_TYPE = YES;
				GCC_WARN_UNINITIALIZED_AUTOS = YES;
				GCC_WARN_UNUSED_VARIABLE = YES;
				IPHONEOS_DEPLOYMENT_TARGET = 4.0;
				SDKROOT = iphoneos;
				TARGETED_DEVICE_FAMILY = "1,2";
			};
			name = Debug;
		};
		AD4E24D7150F4C9300D2CCBD /* Release */ = {
			isa = XCBuildConfiguration;
			buildSettings = {
				ALWAYS_SEARCH_USER_PATHS = NO;
				ARCHS = "$(ARCHS_STANDARD_32_BIT)";
				"CODE_SIGN_IDENTITY[sdk=iphoneos*]" = "iPhone Developer";
				COPY_PHASE_STRIP = YES;
				GCC_C_LANGUAGE_STANDARD = gnu99;
				GCC_VERSION = com.apple.compilers.llvm.clang.1_0;
				GCC_WARN_ABOUT_RETURN_TYPE = YES;
				GCC_WARN_UNINITIALIZED_AUTOS = YES;
				GCC_WARN_UNUSED_VARIABLE = YES;
				IPHONEOS_DEPLOYMENT_TARGET = 4.0;
				OTHER_CFLAGS = "-DNS_BLOCK_ASSERTIONS=1";
				SDKROOT = iphoneos;
				TARGETED_DEVICE_FAMILY = "1,2";
				VALIDATE_PRODUCT = YES;
			};
			name = Release;
		};
		AD4E24D9150F4C9300D2CCBD /* Debug */ = {
			isa = XCBuildConfiguration;
			buildSettings = {
				GCC_PRECOMPILE_PREFIX_HEADER = YES;
				GCC_PREFIX_HEADER = "Demo/Demo CMTabBarController-Prefix.pch";
				INFOPLIST_FILE = "Demo/Demo CMTabBarController-Info.plist";
				PRODUCT_NAME = "Demo CMTabBarController";
				WRAPPER_EXTENSION = app;
			};
			name = Debug;
		};
		AD4E24DA150F4C9300D2CCBD /* Release */ = {
			isa = XCBuildConfiguration;
			buildSettings = {
				GCC_PRECOMPILE_PREFIX_HEADER = YES;
				GCC_PREFIX_HEADER = "Demo/Demo CMTabBarController-Prefix.pch";
				INFOPLIST_FILE = "Demo/Demo CMTabBarController-Info.plist";
				PRODUCT_NAME = "Demo CMTabBarController";
				WRAPPER_EXTENSION = app;
			};
			name = Release;
		};
/* End XCBuildConfiguration section */

/* Begin XCConfigurationList section */
		AD4E24BA150F4C9300D2CCBD /* Build configuration list for PBXProject "Demo CMTabBarController" */ = {
			isa = XCConfigurationList;
			buildConfigurations = (
				AD4E24D6150F4C9300D2CCBD /* Debug */,
				AD4E24D7150F4C9300D2CCBD /* Release */,
			);
			defaultConfigurationIsVisible = 0;
			defaultConfigurationName = Release;
		};
		AD4E24D8150F4C9300D2CCBD /* Build configuration list for PBXNativeTarget "Demo CMTabBarController" */ = {
			isa = XCConfigurationList;
			buildConfigurations = (
				AD4E24D9150F4C9300D2CCBD /* Debug */,
				AD4E24DA150F4C9300D2CCBD /* Release */,
			);
			defaultConfigurationIsVisible = 0;
			defaultConfigurationName = Release;
		};
/* End XCConfigurationList section */
	};
	rootObject = AD4E24B7150F4C9300D2CCBD /* Project object */;
}
